// !$*UTF8*$!
{
	archiveVersion = 1;
	classes = {
	};
	objectVersion = 46;
	objects = {

/* Begin PBXBuildFile section */
		2E3DDBCD1CD0BCDA00F6AA98 /* wdc.png in Resources */ = {isa = PBXBuildFile; fileRef = 2E3DDBCC1CD0BCDA00F6AA98 /* wdc.png */; };
		2E7437821CC5EAFD0017D3FF /* main.m in Sources */ = {isa = PBXBuildFile; fileRef = 2E7437811CC5EAFD0017D3FF /* main.m */; };
		2E7437851CC5EAFD0017D3FF /* AppDelegate.m in Sources */ = {isa = PBXBuildFile; fileRef = 2E7437841CC5EAFD0017D3FF /* AppDelegate.m */; };
		2E7437881CC5EAFD0017D3FF /* ViewController.m in Sources */ = {isa = PBXBuildFile; fileRef = 2E7437871CC5EAFD0017D3FF /* ViewController.m */; };
		2E74378D1CC5EAFD0017D3FF /* Assets.xcassets in Resources */ = {isa = PBXBuildFile; fileRef = 2E74378C1CC5EAFD0017D3FF /* Assets.xcassets */; };
		2E7437901CC5EAFD0017D3FF /* LaunchScreen.storyboard in Resources */ = {isa = PBXBuildFile; fileRef = 2E74378E1CC5EAFD0017D3FF /* LaunchScreen.storyboard */; };
		2E74379B1CC5EAFD0017D3FF /* ChattingTests.m in Sources */ = {isa = PBXBuildFile; fileRef = 2E74379A1CC5EAFD0017D3FF /* ChattingTests.m */; };
		2E7437A61CC5EAFD0017D3FF /* ChattingUITests.m in Sources */ = {isa = PBXBuildFile; fileRef = 2E7437A51CC5EAFD0017D3FF /* ChattingUITests.m */; };
		2EB2BE5E1CCA42F900FB1925 /* MessageCell.m in Sources */ = {isa = PBXBuildFile; fileRef = 2EB2BE5D1CCA42F900FB1925 /* MessageCell.m */; };
/* End PBXBuildFile section */

/* Begin PBXContainerItemProxy section */
		2E7437971CC5EAFD0017D3FF /* PBXContainerItemProxy */ = {
			isa = PBXContainerItemProxy;
			containerPortal = 2E7437751CC5EAFD0017D3FF /* Project object */;
			proxyType = 1;
			remoteGlobalIDString = 2E74377C1CC5EAFD0017D3FF;
			remoteInfo = Chatting;
		};
		2E7437A21CC5EAFD0017D3FF /* PBXContainerItemProxy */ = {
			isa = PBXContainerItemProxy;
			containerPortal = 2E7437751CC5EAFD0017D3FF /* Project object */;
			proxyType = 1;
			remoteGlobalIDString = 2E74377C1CC5EAFD0017D3FF;
			remoteInfo = Chatting;
		};
/* End PBXContainerItemProxy section */

/* Begin PBXFileReference section */
		2E3DDBCC1CD0BCDA00F6AA98 /* wdc.png */ = {isa = PBXFileReference; lastKnownFileType = image.png; path = wdc.png; sourceTree = "<group>"; };
		2E74377D1CC5EAFD0017D3FF /* Chatting.app */ = {isa = PBXFileReference; explicitFileType = wrapper.application; includeInIndex = 0; path = Chatting.app; sourceTree = BUILT_PRODUCTS_DIR; };
		2E7437811CC5EAFD0017D3FF /* main.m */ = {isa = PBXFileReference; lastKnownFileType = sourcecode.c.objc; path = main.m; sourceTree = "<group>"; };
		2E7437831CC5EAFD0017D3FF /* AppDelegate.h */ = {isa = PBXFileReference; lastKnownFileType = sourcecode.c.h; path = AppDelegate.h; sourceTree = "<group>"; };
		2E7437841CC5EAFD0017D3FF /* AppDelegate.m */ = {isa = PBXFileReference; lastKnownFileType = sourcecode.c.objc; path = AppDelegate.m; sourceTree = "<group>"; };
		2E7437861CC5EAFD0017D3FF /* ViewController.h */ = {isa = PBXFileReference; lastKnownFileType = sourcecode.c.h; path = ViewController.h; sourceTree = "<group>"; };
		2E7437871CC5EAFD0017D3FF /* ViewController.m */ = {isa = PBXFileReference; lastKnownFileType = sourcecode.c.objc; path = ViewController.m; sourceTree = "<group>"; };
		2E74378C1CC5EAFD0017D3FF /* Assets.xcassets */ = {isa = PBXFileReference; lastKnownFileType = folder.assetcatalog; path = Assets.xcassets; sourceTree = "<group>"; };
		2E74378F1CC5EAFD0017D3FF /* Base */ = {isa = PBXFileReference; lastKnownFileType = file.storyboard; name = Base; path = Base.lproj/LaunchScreen.storyboard; sourceTree = "<group>"; };
		2E7437911CC5EAFD0017D3FF /* Info.plist */ = {isa = PBXFileReference; lastKnownFileType = text.plist.xml; path = Info.plist; sourceTree = "<group>"; };
		2E7437961CC5EAFD0017D3FF /* ChattingTests.xctest */ = {isa = PBXFileReference; explicitFileType = wrapper.cfbundle; includeInIndex = 0; path = ChattingTests.xctest; sourceTree = BUILT_PRODUCTS_DIR; };
		2E74379A1CC5EAFD0017D3FF /* ChattingTests.m */ = {isa = PBXFileReference; lastKnownFileType = sourcecode.c.objc; path = ChattingTests.m; sourceTree = "<group>"; };
		2E74379C1CC5EAFD0017D3FF /* Info.plist */ = {isa = PBXFileReference; lastKnownFileType = text.plist.xml; path = Info.plist; sourceTree = "<group>"; };
		2E7437A11CC5EAFD0017D3FF /* ChattingUITests.xctest */ = {isa = PBXFileReference; explicitFileType = wrapper.cfbundle; includeInIndex = 0; path = ChattingUITests.xctest; sourceTree = BUILT_PRODUCTS_DIR; };
		2E7437A51CC5EAFD0017D3FF /* ChattingUITests.m */ = {isa = PBXFileReference; lastKnownFileType = sourcecode.c.objc; path = ChattingUITests.m; sourceTree = "<group>"; };
		2E7437A71CC5EAFD0017D3FF /* Info.plist */ = {isa = PBXFileReference; lastKnownFileType = text.plist.xml; path = Info.plist; sourceTree = "<group>"; };
		2EB2BE5C1CCA42F900FB1925 /* MessageCell.h */ = {isa = PBXFileReference; fileEncoding = 4; lastKnownFileType = sourcecode.c.h; name = MessageCell.h; path = Chatting/ChattingView/MessageCell.h; sourceTree = "<group>"; };
		2EB2BE5D1CCA42F900FB1925 /* MessageCell.m */ = {isa = PBXFileReference; fileEncoding = 4; lastKnownFileType = sourcecode.c.objc; name = MessageCell.m; path = Chatting/ChattingView/MessageCell.m; sourceTree = "<group>"; };
/* End PBXFileReference section */

/* Begin PBXFrameworksBuildPhase section */
		2E74377A1CC5EAFD0017D3FF /* Frameworks */ = {
			isa = PBXFrameworksBuildPhase;
			buildActionMask = 2147483647;
			files = (
			);
			runOnlyForDeploymentPostprocessing = 0;
		};
		2E7437931CC5EAFD0017D3FF /* Frameworks */ = {
			isa = PBXFrameworksBuildPhase;
			buildActionMask = 2147483647;
			files = (
			);
			runOnlyForDeploymentPostprocessing = 0;
		};
		2E74379E1CC5EAFD0017D3FF /* Frameworks */ = {
			isa = PBXFrameworksBuildPhase;
			buildActionMask = 2147483647;
			files = (
			);
			runOnlyForDeploymentPostprocessing = 0;
		};
/* End PBXFrameworksBuildPhase section */

/* Begin PBXGroup section */
		2E7437741CC5EAFD0017D3FF = {
			isa = PBXGroup;
			children = (
				2EB2BE391CC5EC9800FB1925 /* ChattingView */,
				2E74377F1CC5EAFD0017D3FF /* Chatting */,
				2E7437991CC5EAFD0017D3FF /* ChattingTests */,
				2E7437A41CC5EAFD0017D3FF /* ChattingUITests */,
				2E74377E1CC5EAFD0017D3FF /* Products */,
			);
			sourceTree = "<group>";
		};
		2E74377E1CC5EAFD0017D3FF /* Products */ = {
			isa = PBXGroup;
			children = (
				2E74377D1CC5EAFD0017D3FF /* Chatting.app */,
				2E7437961CC5EAFD0017D3FF /* ChattingTests.xctest */,
				2E7437A11CC5EAFD0017D3FF /* ChattingUITests.xctest */,
			);
			name = Products;
			sourceTree = "<group>";
		};
		2E74377F1CC5EAFD0017D3FF /* Chatting */ = {
			isa = PBXGroup;
			children = (
				2E7437831CC5EAFD0017D3FF /* AppDelegate.h */,
				2E7437841CC5EAFD0017D3FF /* AppDelegate.m */,
				2E7437861CC5EAFD0017D3FF /* ViewController.h */,
				2E7437871CC5EAFD0017D3FF /* ViewController.m */,
				2E74378C1CC5EAFD0017D3FF /* Assets.xcassets */,
				2E74378E1CC5EAFD0017D3FF /* LaunchScreen.storyboard */,
				2E7437911CC5EAFD0017D3FF /* Info.plist */,
				2E7437801CC5EAFD0017D3FF /* Supporting Files */,
			);
			path = Chatting;
			sourceTree = "<group>";
		};
		2E7437801CC5EAFD0017D3FF /* Supporting Files */ = {
			isa = PBXGroup;
			children = (
				2E3DDBCC1CD0BCDA00F6AA98 /* wdc.png */,
				2E7437811CC5EAFD0017D3FF /* main.m */,
			);
			name = "Supporting Files";
			sourceTree = "<group>";
		};
		2E7437991CC5EAFD0017D3FF /* ChattingTests */ = {
			isa = PBXGroup;
			children = (
				2E74379A1CC5EAFD0017D3FF /* ChattingTests.m */,
				2E74379C1CC5EAFD0017D3FF /* Info.plist */,
			);
			path = ChattingTests;
			sourceTree = "<group>";
		};
		2E7437A41CC5EAFD0017D3FF /* ChattingUITests */ = {
			isa = PBXGroup;
			children = (
				2E7437A51CC5EAFD0017D3FF /* ChattingUITests.m */,
				2E7437A71CC5EAFD0017D3FF /* Info.plist */,
			);
			path = ChattingUITests;
			sourceTree = "<group>";
		};
		2EB2BE391CC5EC9800FB1925 /* ChattingView */ = {
			isa = PBXGroup;
			children = (
				2EB2BE5C1CCA42F900FB1925 /* MessageCell.h */,
				2EB2BE5D1CCA42F900FB1925 /* MessageCell.m */,
			);
			name = ChattingView;
			sourceTree = "<group>";
		};
/* End PBXGroup section */

/* Begin PBXNativeTarget section */
		2E74377C1CC5EAFD0017D3FF /* Chatting */ = {
			isa = PBXNativeTarget;
			buildConfigurationList = 2E7437AA1CC5EAFD0017D3FF /* Build configuration list for PBXNativeTarget "Chatting" */;
			buildPhases = (
				2E7437791CC5EAFD0017D3FF /* Sources */,
				2E74377A1CC5EAFD0017D3FF /* Frameworks */,
				2E74377B1CC5EAFD0017D3FF /* Resources */,
			);
			buildRules = (
			);
			dependencies = (
			);
			name = Chatting;
			productName = Chatting;
			productReference = 2E74377D1CC5EAFD0017D3FF /* Chatting.app */;
			productType = "com.apple.product-type.application";
		};
		2E7437951CC5EAFD0017D3FF /* ChattingTests */ = {
			isa = PBXNativeTarget;
			buildConfigurationList = 2E7437AD1CC5EAFD0017D3FF /* Build configuration list for PBXNativeTarget "ChattingTests" */;
			buildPhases = (
				2E7437921CC5EAFD0017D3FF /* Sources */,
				2E7437931CC5EAFD0017D3FF /* Frameworks */,
				2E7437941CC5EAFD0017D3FF /* Resources */,
			);
			buildRules = (
			);
			dependencies = (
				2E7437981CC5EAFD0017D3FF /* PBXTargetDependency */,
			);
			name = ChattingTests;
			productName = ChattingTests;
			productReference = 2E7437961CC5EAFD0017D3FF /* ChattingTests.xctest */;
			productType = "com.apple.product-type.bundle.unit-test";
		};
		2E7437A01CC5EAFD0017D3FF /* ChattingUITests */ = {
			isa = PBXNativeTarget;
			buildConfigurationList = 2E7437B01CC5EAFD0017D3FF /* Build configuration list for PBXNativeTarget "ChattingUITests" */;
			buildPhases = (
				2E74379D1CC5EAFD0017D3FF /* Sources */,
				2E74379E1CC5EAFD0017D3FF /* Frameworks */,
				2E74379F1CC5EAFD0017D3FF /* Resources */,
			);
			buildRules = (
			);
			dependencies = (
				2E7437A31CC5EAFD0017D3FF /* PBXTargetDependency */,
			);
			name = ChattingUITests;
			productName = ChattingUITests;
			productReference = 2E7437A11CC5EAFD0017D3FF /* ChattingUITests.xctest */;
			productType = "com.apple.product-type.bundle.ui-testing";
		};
/* End PBXNativeTarget section */

/* Begin PBXProject section */
		2E7437751CC5EAFD0017D3FF /* Project object */ = {
			isa = PBXProject;
			attributes = {
				LastUpgradeCheck = 0730;
				ORGANIZATIONNAME = VicChan;
				TargetAttributes = {
					2E74377C1CC5EAFD0017D3FF = {
						CreatedOnToolsVersion = 7.3;
						DevelopmentTeam = 23D5PVYLWJ;
					};
					2E7437951CC5EAFD0017D3FF = {
						CreatedOnToolsVersion = 7.3;
						DevelopmentTeam = 23D5PVYLWJ;
						TestTargetID = 2E74377C1CC5EAFD0017D3FF;
					};
					2E7437A01CC5EAFD0017D3FF = {
						CreatedOnToolsVersion = 7.3;
						DevelopmentTeam = 23D5PVYLWJ;
						TestTargetID = 2E74377C1CC5EAFD0017D3FF;
					};
				};
			};
			buildConfigurationList = 2E7437781CC5EAFD0017D3FF /* Build configuration list for PBXProject "Chatting" */;
			compatibilityVersion = "Xcode 3.2";
			developmentRegion = English;
			hasScannedForEncodings = 0;
			knownRegions = (
				en,
				Base,
			);
			mainGroup = 2E7437741CC5EAFD0017D3FF;
			productRefGroup = 2E74377E1CC5EAFD0017D3FF /* Products */;
			projectDirPath = "";
			projectRoot = "";
			targets = (
				2E74377C1CC5EAFD0017D3FF /* Chatting */,
				2E7437951CC5EAFD0017D3FF /* ChattingTests */,
				2E7437A01CC5EAFD0017D3FF /* ChattingUITests */,
			);
		};
/* End PBXProject section */

/* Begin PBXResourcesBuildPhase section */
		2E74377B1CC5EAFD0017D3FF /* Resources */ = {
			isa = PBXResourcesBuildPhase;
			buildActionMask = 2147483647;
			files = (
				2E3DDBCD1CD0BCDA00F6AA98 /* wdc.png in Resources */,
				2E7437901CC5EAFD0017D3FF /* LaunchScreen.storyboard in Resources */,
				2E74378D1CC5EAFD0017D3FF /* Assets.xcassets in Resources */,
			);
			runOnlyForDeploymentPostprocessing = 0;
		};
		2E7437941CC5EAFD0017D3FF /* Resources */ = {
			isa = PBXResourcesBuildPhase;
			buildActionMask = 2147483647;
			files = (
			);
			runOnlyForDeploymentPostprocessing = 0;
		};
		2E74379F1CC5EAFD0017D3FF /* Resources */ = {
			isa = PBXResourcesBuildPhase;
			buildActionMask = 2147483647;
			files = (
			);
			runOnlyForDeploymentPostprocessing = 0;
		};
/* End PBXResourcesBuildPhase section */

/* Begin PBXSourcesBuildPhase section */
		2E7437791CC5EAFD0017D3FF /* Sources */ = {
			isa = PBXSourcesBuildPhase;
			buildActionMask = 2147483647;
			files = (
				2EB2BE5E1CCA42F900FB1925 /* MessageCell.m in Sources */,
				2E7437881CC5EAFD0017D3FF /* ViewController.m in Sources */,
				2E7437851CC5EAFD0017D3FF /* AppDelegate.m in Sources */,
				2E7437821CC5EAFD0017D3FF /* main.m in Sources */,
			);
			runOnlyForDeploymentPostprocessing = 0;
		};
		2E7437921CC5EAFD0017D3FF /* Sources */ = {
			isa = PBXSourcesBuildPhase;
			buildActionMask = 2147483647;
			files = (
				2E74379B1CC5EAFD0017D3FF /* ChattingTests.m in Sources */,
			);
			runOnlyForDeploymentPostprocessing = 0;
		};
		2E74379D1CC5EAFD0017D3FF /* Sources */ = {
			isa = PBXSourcesBuildPhase;
			buildActionMask = 2147483647;
			files = (
				2E7437A61CC5EAFD0017D3FF /* ChattingUITests.m in Sources */,
			);
			runOnlyForDeploymentPostprocessing = 0;
		};
/* End PBXSourcesBuildPhase section */

/* Begin PBXTargetDependency section */
		2E7437981CC5EAFD0017D3FF /* PBXTargetDependency */ = {
			isa = PBXTargetDependency;
			target = 2E74377C1CC5EAFD0017D3FF /* Chatting */;
			targetProxy = 2E7437971CC5EAFD0017D3FF /* PBXContainerItemProxy */;
		};
		2E7437A31CC5EAFD0017D3FF /* PBXTargetDependency */ = {
			isa = PBXTargetDependency;
			target = 2E74377C1CC5EAFD0017D3FF /* Chatting */;
			targetProxy = 2E7437A21CC5EAFD0017D3FF /* PBXContainerItemProxy */;
		};
/* End PBXTargetDependency section */

/* Begin PBXVariantGroup section */
		2E74378E1CC5EAFD0017D3FF /* LaunchScreen.storyboard */ = {
			isa = PBXVariantGroup;
			children = (
				2E74378F1CC5EAFD0017D3FF /* Base */,
			);
			name = LaunchScreen.storyboard;
			sourceTree = "<group>";
		};
/* End PBXVariantGroup section */

/* Begin XCBuildConfiguration section */
		2E7437A81CC5EAFD0017D3FF /* Debug */ = {
			isa = XCBuildConfiguration;
			buildSettings = {
				ALWAYS_SEARCH_USER_PATHS = NO;
				CLANG_ANALYZER_NONNULL = YES;
				CLANG_CXX_LANGUAGE_STANDARD = "gnu++0x";
				CLANG_CXX_LIBRARY = "libc++";
				CLANG_ENABLE_MODULES = YES;
				CLANG_ENABLE_OBJC_ARC = YES;
				CLANG_WARN_BOOL_CONVERSION = YES;
				CLANG_WARN_CONSTANT_CONVERSION = YES;
				CLANG_WARN_DIRECT_OBJC_ISA_USAGE = YES_ERROR;
				CLANG_WARN_EMPTY_BODY = YES;
				CLANG_WARN_ENUM_CONVERSION = YES;
				CLANG_WARN_INT_CONVERSION = YES;
				CLANG_WARN_OBJC_ROOT_CLASS = YES_ERROR;
				CLANG_WARN_UNREACHABLE_CODE = YES;
				CLANG_WARN__DUPLICATE_METHOD_MATCH = YES;
				"CODE_SIGN_IDENTITY[sdk=iphoneos*]" = "iPhone Developer";
				COPY_PHASE_STRIP = NO;
				DEBUG_INFORMATION_FORMAT = dwarf;
				ENABLE_STRICT_OBJC_MSGSEND = YES;
				ENABLE_TESTABILITY = YES;
				GCC_C_LANGUAGE_STANDARD = gnu99;
				GCC_DYNAMIC_NO_PIC = NO;
				GCC_NO_COMMON_BLOCKS = YES;
				GCC_OPTIMIZATION_LEVEL = 0;
				GCC_PREPROCESSOR_DEFINITIONS = (
					"DEBUG=1",
					"$(inherited)",
				);
				GCC_WARN_64_TO_32_BIT_CONVERSION = YES;
				GCC_WARN_ABOUT_RETURN_TYPE = YES_ERROR;
				GCC_WARN_UNDECLARED_SELECTOR = YES;
				GCC_WARN_UNINITIALIZED_AUTOS = YES_AGGRESSIVE;
				GCC_WARN_UNUSED_FUNCTION = YES;
				GCC_WARN_UNUSED_VARIABLE = YES;
				IPHONEOS_DEPLOYMENT_TARGET = 9.3;
				MTL_ENABLE_DEBUG_INFO = YES;
				ONLY_ACTIVE_ARCH = YES;
				SDKROOT = iphoneos;
			};
			name = Debug;
		};
		2E7437A91CC5EAFD0017D3FF /* Release */ = {
			isa = XCBuildConfiguration;
			buildSettings = {
				ALWAYS_SEARCH_USER_PATHS = NO;
				CLANG_ANALYZER_NONNULL = YES;
				CLANG_CXX_LANGUAGE_STANDARD = "gnu++0x";
				CLANG_CXX_LIBRARY = "libc++";
				CLANG_ENABLE_MODULES = YES;
				CLANG_ENABLE_OBJC_ARC = YES;
				CLANG_WARN_BOOL_CONVERSION = YES;
				CLANG_WARN_CONSTANT_CONVERSION = YES;
				CLANG_WARN_DIRECT_OBJC_ISA_USAGE = YES_ERROR;
				CLANG_WARN_EMPTY_BODY = YES;
				CLANG_WARN_ENUM_CONVERSION = YES;
				CLANG_WARN_INT_CONVERSION = YES;
				CLANG_WARN_OBJC_ROOT_CLASS = YES_ERROR;
				CLANG_WARN_UNREACHABLE_CODE = YES;
				CLANG_WARN__DUPLICATE_METHOD_MATCH = YES;
				"CODE_SIGN_IDENTITY[sdk=iphoneos*]" = "iPhone Developer";
				COPY_PHASE_STRIP = NO;
				DEBUG_INFORMATION_FORMAT = "dwarf-with-dsym";
				ENABLE_NS_ASSERTIONS = NO;
				ENABLE_STRICT_OBJC_MSGSEND = YES;
				GCC_C_LANGUAGE_STANDARD = gnu99;
				GCC_NO_COMMON_BLOCKS = YES;
				GCC_WARN_64_TO_32_BIT_CONVERSION = YES;
				GCC_WARN_ABOUT_RETURN_TYPE = YES_ERROR;
				GCC_WARN_UNDECLARED_SELECTOR = YES;
				GCC_WARN_UNINITIALIZED_AUTOS = YES_AGGRESSIVE;
				GCC_WARN_UNUSED_FUNCTION = YES;
				GCC_WARN_UNUSED_VARIABLE = YES;
				IPHONEOS_DEPLOYMENT_TARGET = 9.3;
				MTL_ENABLE_DEBUG_INFO = NO;
				SDKROOT = iphoneos;
				VALIDATE_PRODUCT = YES;
			};
			name = Release;
		};
		2E7437AB1CC5EAFD0017D3FF /* Debug */ = {
			isa = XCBuildConfiguration;
			buildSettings = {
				ASSETCATALOG_COMPILER_APPICON_NAME = AppIcon;
				INFOPLIST_FILE = Chatting/Info.plist;
				LD_RUNPATH_SEARCH_PATHS = "$(inherited) @executable_path/Frameworks";
				PRODUCT_BUNDLE_IDENTIFIER = Victor.Chatting;
				PRODUCT_NAME = "$(TARGET_NAME)";
			};
			name = Debug;
		};
		2E7437AC1CC5EAFD0017D3FF /* Release */ = {
			isa = XCBuildConfiguration;
			buildSettings = {
				ASSETCATALOG_COMPILER_APPICON_NAME = AppIcon;
				INFOPLIST_FILE = Chatting/Info.plist;
				LD_RUNPATH_SEARCH_PATHS = "$(inherited) @executable_path/Frameworks";
				PRODUCT_BUNDLE_IDENTIFIER = Victor.Chatting;
				PRODUCT_NAME = "$(TARGET_NAME)";
			};
			name = Release;
		};
		2E7437AE1CC5EAFD0017D3FF /* Debug */ = {
			isa = XCBuildConfiguration;
			buildSettings = {
				BUNDLE_LOADER = "$(TEST_HOST)";
				INFOPLIST_FILE = ChattingTests/Info.plist;
				LD_RUNPATH_SEARCH_PATHS = "$(inherited) @executable_path/Frameworks @loader_path/Frameworks";
				PRODUCT_BUNDLE_IDENTIFIER = Victor.ChattingTests;
				PRODUCT_NAME = "$(TARGET_NAME)";
				TEST_HOST = "$(BUILT_PRODUCTS_DIR)/Chatting.app/Chatting";
			};
			name = Debug;
		};
		2E7437AF1CC5EAFD0017D3FF /* Release */ = {
			isa = XCBuildConfiguration;
			buildSettings = {
				BUNDLE_LOADER = "$(TEST_HOST)";
				INFOPLIST_FILE = ChattingTests/Info.plist;
				LD_RUNPATH_SEARCH_PATHS = "$(inherited) @executable_path/Frameworks @loader_path/Frameworks";
				PRODUCT_BUNDLE_IDENTIFIER = Victor.ChattingTests;
				PRODUCT_NAME = "$(TARGET_NAME)";
				TEST_HOST = "$(BUILT_PRODUCTS_DIR)/Chatting.app/Chatting";
			};
			name = Release;
		};
		2E7437B11CC5EAFD0017D3FF /* Debug */ = {
			isa = XCBuildConfiguration;
			buildSettings = {
				INFOPLIST_FILE = ChattingUITests/Info.plist;
				LD_RUNPATH_SEARCH_PATHS = "$(inherited) @executable_path/Frameworks @loader_path/Frameworks";
				PRODUCT_BUNDLE_IDENTIFIER = Victor.ChattingUITests;
				PRODUCT_NAME = "$(TARGET_NAME)";
				TEST_TARGET_NAME = Chatting;
			};
			name = Debug;
		};
		2E7437B21CC5EAFD0017D3FF /* Release */ = {
			isa = XCBuildConfiguration;
			buildSettings = {
				INFOPLIST_FILE = ChattingUITests/Info.plist;
				LD_RUNPATH_SEARCH_PATHS = "$(inherited) @executable_path/Frameworks @loader_path/Frameworks";
				PRODUCT_BUNDLE_IDENTIFIER = Victor.ChattingUITests;
				PRODUCT_NAME = "$(TARGET_NAME)";
				TEST_TARGET_NAME = Chatting;
			};
			name = Release;
		};
/* End XCBuildConfiguration section */

/* Begin XCConfigurationList section */
		2E7437781CC5EAFD0017D3FF /* Build configuration list for PBXProject "Chatting" */ = {
			isa = XCConfigurationList;
			buildConfigurations = (
				2E7437A81CC5EAFD0017D3FF /* Debug */,
				2E7437A91CC5EAFD0017D3FF /* Release */,
			);
			defaultConfigurationIsVisible = 0;
			defaultConfigurationName = Release;
		};
		2E7437AA1CC5EAFD0017D3FF /* Build configuration list for PBXNativeTarget "Chatting" */ = {
			isa = XCConfigurationList;
			buildConfigurations = (
				2E7437AB1CC5EAFD0017D3FF /* Debug */,
				2E7437AC1CC5EAFD0017D3FF /* Release */,
			);
			defaultConfigurationIsVisible = 0;
			defaultConfigurationName = Release;
		};
		2E7437AD1CC5EAFD0017D3FF /* Build configuration list for PBXNativeTarget "ChattingTests" */ = {
			isa = XCConfigurationList;
			buildConfigurations = (
				2E7437AE1CC5EAFD0017D3FF /* Debug */,
				2E7437AF1CC5EAFD0017D3FF /* Release */,
			);
			defaultConfigurationIsVisible = 0;
			defaultConfigurationName = Release;
		};
		2E7437B01CC5EAFD0017D3FF /* Build configuration list for PBXNativeTarget "ChattingUITests" */ = {
			isa = XCConfigurationList;
			buildConfigurations = (
				2E7437B11CC5EAFD0017D3FF /* Debug */,
				2E7437B21CC5EAFD0017D3FF /* Release */,
			);
			defaultConfigurationIsVisible = 0;
			defaultConfigurationName = Release;
		};
/* End XCConfigurationList section */
	};
	rootObject = 2E7437751CC5EAFD0017D3FF /* Project object */;
}
